
Microsoft Visual Studio Solution File, Format Version 12.00
# Visual Studio Version 17
VisualStudioVersion = 17.6.33829.357
MinimumVisualStudioVersion = 10.0.40219.1
Project("{FAE04EC0-301F-11D3-BF4B-00C04F79EFBC}") = "09", "09.csproj", "{8FAB24A7-50BD-4E41-A799-AF019A9ABA8A}"
EndProject
Global
	GlobalSection(SolutionConfigurationPlatforms) = preSolution
		Debug|Any CPU = Debug|Any CPU
		Release|Any CPU = Release|Any CPU
	EndGlobalSection
	GlobalSection(ProjectConfigurationPlatforms) = postSolution
		{8FAB24A7-50BD-4E41-A799-AF019A9ABA8A}.Debug|Any CPU.ActiveCfg = Debug|Any CPU
		{8FAB24A7-50BD-4E41-A799-AF019A9ABA8A}.Debug|Any CPU.Build.0 = Debug|Any CPU
		{8FAB24A7-50BD-4E41-A799-AF019A9ABA8A}.Release|Any CPU.ActiveCfg = Release|Any CPU
		{8FAB24A7-50BD-4E41-A799-AF019A9ABA8A}.Release|Any CPU.Build.0 = Release|Any CPU
	EndGlobalSection
	GlobalSection(SolutionProperties) = preSolution
		HideSolutionNode = FALSE
	EndGlobalSection
	GlobalSection(ExtensibilityGlobals) = postSolution
		SolutionGuid = {B02ACE7A-0DD5-4EB4-B165-E3B4D79605B9}
	EndGlobalSection
EndGlobal
